{
    "version": 3,
    "terraform_version": "0.11.13",
    "serial": 22,
    "lineage": "72da1dfa-81e5-f183-3af4-29428ae64fc9",
    "modules": [
        {
            "path": [
                "root"
            ],
            "outputs": {},
            "resources": {
                "aws_instance.demo-instance": {
                    "type": "aws_instance",
                    "depends_on": [
                        "aws_key_pair.my-test-key",
                        "aws_security_group.allow_outbound",
                        "aws_security_group.allow_ssh_http",
                        "data.aws_ami.amazon"
                    ],
                    "primary": {
                        "id": "i-035ecb6ac97331ab7",
                        "attributes": {
                            "ami": "ami-0de53d8956e8dcf80",
                            "arn": "arn:aws:ec2:us-east-1:342347373179:instance/i-035ecb6ac97331ab7",
                            "associate_public_ip_address": "true",
                            "availability_zone": "us-east-1a",
                            "cpu_core_count": "1",
                            "cpu_threads_per_core": "1",
                            "credit_specification.#": "1",
                            "credit_specification.0.cpu_credits": "standard",
                            "disable_api_termination": "false",
                            "ebs_block_device.#": "0",
                            "ebs_optimized": "false",
                            "ephemeral_block_device.#": "0",
                            "get_password_data": "false",
                            "iam_instance_profile": "",
                            "id": "i-035ecb6ac97331ab7",
                            "instance_state": "running",
                            "instance_type": "t2.micro",
                            "ipv6_addresses.#": "0",
                            "key_name": "jenkins-key",
                            "monitoring": "false",
                            "network_interface.#": "0",
                            "network_interface_id": "eni-09bf47dbb998f2703",
                            "password_data": "",
                            "placement_group": "",
                            "primary_network_interface_id": "eni-09bf47dbb998f2703",
                            "private_dns": "ip-172-31-57-82.ec2.internal",
                            "private_ip": "172.31.57.82",
                            "public_dns": "ec2-54-147-234-207.compute-1.amazonaws.com",
                            "public_ip": "54.147.234.207",
                            "root_block_device.#": "1",
                            "root_block_device.0.delete_on_termination": "true",
                            "root_block_device.0.iops": "100",
                            "root_block_device.0.volume_id": "vol-0fa872061c127c05b",
                            "root_block_device.0.volume_size": "8",
                            "root_block_device.0.volume_type": "gp2",
                            "security_groups.#": "2",
                            "security_groups.1862420969": "allow-all-outbound",
                            "security_groups.3405289241": "allow-ssh_http",
                            "source_dest_check": "true",
                            "subnet_id": "subnet-3a8ec017",
                            "tags.%": "1",
                            "tags.Name": "fa_java-webapp-demo",
                            "tenancy": "default",
                            "volume_tags.%": "0",
                            "vpc_security_group_ids.#": "2",
                            "vpc_security_group_ids.120194915": "sg-0e664e9e901eee6c1",
                            "vpc_security_group_ids.381854022": "sg-01afb25764ebf52f9"
                        },
                        "meta": {
                            "e2bfb730-ecaa-11e6-8f88-34363bc7c4c0": {
                                "create": 600000000000,
                                "delete": 1200000000000,
                                "update": 600000000000
                            },
                            "schema_version": "1"
                        },
                        "tainted": true
                    },
                    "deposed": [],
                    "provider": "provider.aws"
                },
                "aws_key_pair.my-test-key": {
                    "type": "aws_key_pair",
                    "depends_on": [],
                    "primary": {
                        "id": "jenkins-key",
                        "attributes": {
                            "fingerprint": "c4:fb:9c:df:cb:ea:db:f3:b3:31:fb:a6:e6:4f:9e:a1",
                            "id": "jenkins-key",
                            "key_name": "jenkins-key",
                            "public_key": "ssh-rsa AAAAB3NzaC1yc2EAAAADAQABAAABAQDU9dj23KmvEnV8K3fWz/7uGFQE/l924aZswht6II4Ey7OIYafPNBvoKyfwt+kQ3q2FhIzNec22XInJat5Y991q+Z7VpQhNEb2brBjPEHGCrVUh062kh2ooz2HRatgc6wjcffwKVLbQtJLQ3v2uS64fXOW8oKVIySujCzHcWS+Ovvk9/qoMjoYtTA+gJsacnZZhOivMh2XRTCv410J6KkDiyzrd3RviWG+omGTZhZzXzskue+E+ojSQD7kbbJOLowzG1Tr9CJe8gCF/t7nz8XPcV35iXClBNY+VTpWMcwahmcJnPqfHgMfrIe3sBNI3fzzkNz/HgSHaWdDrr6CB2lTX root@ip-172-31-56-119.ec2.internal"
                        },
                        "meta": {
                            "schema_version": "1"
                        },
                        "tainted": false
                    },
                    "deposed": [],
                    "provider": "provider.aws"
                },
                "aws_security_group.allow_outbound": {
                    "type": "aws_security_group",
                    "depends_on": [],
                    "primary": {
                        "id": "sg-01afb25764ebf52f9",
                        "attributes": {
                            "arn": "arn:aws:ec2:us-east-1:342347373179:security-group/sg-01afb25764ebf52f9",
                            "description": "Allow all outbound traffic",
                            "egress.#": "1",
                            "egress.482069346.cidr_blocks.#": "1",
                            "egress.482069346.cidr_blocks.0": "0.0.0.0/0",
                            "egress.482069346.description": "",
                            "egress.482069346.from_port": "0",
                            "egress.482069346.ipv6_cidr_blocks.#": "0",
                            "egress.482069346.prefix_list_ids.#": "0",
                            "egress.482069346.protocol": "-1",
                            "egress.482069346.security_groups.#": "0",
                            "egress.482069346.self": "false",
                            "egress.482069346.to_port": "0",
                            "id": "sg-01afb25764ebf52f9",
                            "ingress.#": "0",
                            "name": "allow-all-outbound",
                            "owner_id": "342347373179",
                            "revoke_rules_on_delete": "false",
                            "tags.%": "0",
                            "vpc_id": "vpc-11cf5f77"
                        },
                        "meta": {
                            "e2bfb730-ecaa-11e6-8f88-34363bc7c4c0": {
                                "create": 600000000000,
                                "delete": 600000000000
                            },
                            "schema_version": "1"
                        },
                        "tainted": false
                    },
                    "deposed": [],
                    "provider": "provider.aws"
                },
                "aws_security_group.allow_ssh_http": {
                    "type": "aws_security_group",
                    "depends_on": [],
                    "primary": {
                        "id": "sg-0e664e9e901eee6c1",
                        "attributes": {
                            "arn": "arn:aws:ec2:us-east-1:342347373179:security-group/sg-0e664e9e901eee6c1",
                            "description": "Allow SSH \u0026 http inbound traffic",
                            "egress.#": "0",
                            "id": "sg-0e664e9e901eee6c1",
                            "ingress.#": "2",
                            "ingress.2214680975.cidr_blocks.#": "1",
                            "ingress.2214680975.cidr_blocks.0": "0.0.0.0/0",
                            "ingress.2214680975.description": "",
                            "ingress.2214680975.from_port": "80",
                            "ingress.2214680975.ipv6_cidr_blocks.#": "0",
                            "ingress.2214680975.prefix_list_ids.#": "0",
                            "ingress.2214680975.protocol": "tcp",
                            "ingress.2214680975.security_groups.#": "0",
                            "ingress.2214680975.self": "false",
                            "ingress.2214680975.to_port": "80",
                            "ingress.2541437006.cidr_blocks.#": "1",
                            "ingress.2541437006.cidr_blocks.0": "0.0.0.0/0",
                            "ingress.2541437006.description": "",
                            "ingress.2541437006.from_port": "22",
                            "ingress.2541437006.ipv6_cidr_blocks.#": "0",
                            "ingress.2541437006.prefix_list_ids.#": "0",
                            "ingress.2541437006.protocol": "tcp",
                            "ingress.2541437006.security_groups.#": "0",
                            "ingress.2541437006.self": "false",
                            "ingress.2541437006.to_port": "22",
                            "name": "allow-ssh_http",
                            "owner_id": "342347373179",
                            "revoke_rules_on_delete": "false",
                            "tags.%": "0",
                            "vpc_id": "vpc-11cf5f77"
                        },
                        "meta": {
                            "e2bfb730-ecaa-11e6-8f88-34363bc7c4c0": {
                                "create": 600000000000,
                                "delete": 600000000000
                            },
                            "schema_version": "1"
                        },
                        "tainted": false
                    },
                    "deposed": [],
                    "provider": "provider.aws"
                },
                "data.aws_ami.amazon": {
                    "type": "aws_ami",
                    "depends_on": [],
                    "primary": {
                        "id": "ami-0de53d8956e8dcf80",
                        "attributes": {
                            "architecture": "x86_64",
                            "block_device_mappings.#": "1",
                            "block_device_mappings.340275815.device_name": "/dev/xvda",
                            "block_device_mappings.340275815.ebs.%": "6",
                            "block_device_mappings.340275815.ebs.delete_on_termination": "true",
                            "block_device_mappings.340275815.ebs.encrypted": "false",
                            "block_device_mappings.340275815.ebs.iops": "0",
                            "block_device_mappings.340275815.ebs.snapshot_id": "snap-062700013f593e38c",
                            "block_device_mappings.340275815.ebs.volume_size": "8",
                            "block_device_mappings.340275815.ebs.volume_type": "gp2",
                            "block_device_mappings.340275815.no_device": "",
                            "block_device_mappings.340275815.virtual_name": "",
                            "creation_date": "2019-03-08T20:44:46.000Z",
                            "description": "Amazon Linux 2 AMI 2.0.20190313 x86_64 HVM gp2",
                            "filter.#": "2",
                            "filter.1834092855.name": "name",
                            "filter.1834092855.values.#": "1",
                            "filter.1834092855.values.0": "amzn2-ami-hvm-2.0.20190313-x86_64-gp2",
                            "filter.490168357.name": "virtualization-type",
                            "filter.490168357.values.#": "1",
                            "filter.490168357.values.0": "hvm",
                            "hypervisor": "xen",
                            "id": "ami-0de53d8956e8dcf80",
                            "image_id": "ami-0de53d8956e8dcf80",
                            "image_location": "amazon/amzn2-ami-hvm-2.0.20190313-x86_64-gp2",
                            "image_owner_alias": "amazon",
                            "image_type": "machine",
                            "most_recent": "true",
                            "name": "amzn2-ami-hvm-2.0.20190313-x86_64-gp2",
                            "owner_id": "137112412989",
                            "owners.#": "1",
                            "owners.0": "amazon",
                            "product_codes.#": "0",
                            "public": "true",
                            "root_device_name": "/dev/xvda",
                            "root_device_type": "ebs",
                            "root_snapshot_id": "snap-062700013f593e38c",
                            "sriov_net_support": "simple",
                            "state": "available",
                            "state_reason.%": "2",
                            "state_reason.code": "UNSET",
                            "state_reason.message": "UNSET",
                            "tags.%": "0",
                            "virtualization_type": "hvm"
                        },
                        "meta": {},
                        "tainted": false
                    },
                    "deposed": [],
                    "provider": "provider.aws"
                }
            },
            "depends_on": []
        }
    ]
}
